// !$*UTF8*$!
{
	archiveVersion = 1;
	classes = {
	};
	objectVersion = 56;
	objects = {

/* Begin PBXBuildFile section */
		11BB11ED29F86ABD007AEBA5 /* AppDelegate.swift in Sources */ = {isa = PBXBuildFile; fileRef = 11BB11EC29F86ABD007AEBA5 /* AppDelegate.swift */; };
		11BB11EF29F86ABD007AEBA5 /* SceneDelegate.swift in Sources */ = {isa = PBXBuildFile; fileRef = 11BB11EE29F86ABD007AEBA5 /* SceneDelegate.swift */; };
		11BB11F129F86ABD007AEBA5 /* LoginViewController.swift in Sources */ = {isa = PBXBuildFile; fileRef = 11BB11F029F86ABD007AEBA5 /* LoginViewController.swift */; };
		11BB11F629F86ABE007AEBA5 /* Assets.xcassets in Resources */ = {isa = PBXBuildFile; fileRef = 11BB11F529F86ABE007AEBA5 /* Assets.xcassets */; };
		11BB11F929F86ABE007AEBA5 /* LaunchScreen.storyboard in Resources */ = {isa = PBXBuildFile; fileRef = 11BB11F729F86ABE007AEBA5 /* LaunchScreen.storyboard */; };
		11BB120329F86C57007AEBA5 /* AppCoordinator.swift in Sources */ = {isa = PBXBuildFile; fileRef = 11BB120229F86C57007AEBA5 /* AppCoordinator.swift */; };
		11BB120629F86CC5007AEBA5 /* BaseViewController.swift in Sources */ = {isa = PBXBuildFile; fileRef = 11BB120529F86CC5007AEBA5 /* BaseViewController.swift */; };
		11BB120929F86CE4007AEBA5 /* ViewCode.swift in Sources */ = {isa = PBXBuildFile; fileRef = 11BB120829F86CE4007AEBA5 /* ViewCode.swift */; };
		11BB120B29F86CFD007AEBA5 /* LoginView.swift in Sources */ = {isa = PBXBuildFile; fileRef = 11BB120A29F86CFD007AEBA5 /* LoginView.swift */; };
		11BB120D29F86D07007AEBA5 /* LoginViewModel.swift in Sources */ = {isa = PBXBuildFile; fileRef = 11BB120C29F86D07007AEBA5 /* LoginViewModel.swift */; };
		11BB120F29F86D37007AEBA5 /* GoogleService.plist in Resources */ = {isa = PBXBuildFile; fileRef = 11BB120E29F86D37007AEBA5 /* GoogleService.plist */; };
		11BB121E29F8705A007AEBA5 /* BaseUIView.swift in Sources */ = {isa = PBXBuildFile; fileRef = 11BB121D29F8705A007AEBA5 /* BaseUIView.swift */; };
/* End PBXBuildFile section */

/* Begin PBXFileReference section */
		11BB11E929F86ABD007AEBA5 /* workout.app */ = {isa = PBXFileReference; explicitFileType = wrapper.application; includeInIndex = 0; path = workout.app; sourceTree = BUILT_PRODUCTS_DIR; };
		11BB11EC29F86ABD007AEBA5 /* AppDelegate.swift */ = {isa = PBXFileReference; lastKnownFileType = sourcecode.swift; path = AppDelegate.swift; sourceTree = "<group>"; };
		11BB11EE29F86ABD007AEBA5 /* SceneDelegate.swift */ = {isa = PBXFileReference; lastKnownFileType = sourcecode.swift; path = SceneDelegate.swift; sourceTree = "<group>"; };
		11BB11F029F86ABD007AEBA5 /* LoginViewController.swift */ = {isa = PBXFileReference; lastKnownFileType = sourcecode.swift; path = LoginViewController.swift; sourceTree = "<group>"; };
		11BB11F529F86ABE007AEBA5 /* Assets.xcassets */ = {isa = PBXFileReference; lastKnownFileType = folder.assetcatalog; path = Assets.xcassets; sourceTree = "<group>"; };
		11BB11F829F86ABE007AEBA5 /* Base */ = {isa = PBXFileReference; lastKnownFileType = file.storyboard; name = Base; path = Base.lproj/LaunchScreen.storyboard; sourceTree = "<group>"; };
		11BB11FA29F86ABE007AEBA5 /* Info.plist */ = {isa = PBXFileReference; lastKnownFileType = text.plist.xml; path = Info.plist; sourceTree = "<group>"; };
		11BB120229F86C57007AEBA5 /* AppCoordinator.swift */ = {isa = PBXFileReference; lastKnownFileType = sourcecode.swift; path = AppCoordinator.swift; sourceTree = "<group>"; };
		11BB120529F86CC5007AEBA5 /* BaseViewController.swift */ = {isa = PBXFileReference; lastKnownFileType = sourcecode.swift; path = BaseViewController.swift; sourceTree = "<group>"; };
		11BB120829F86CE4007AEBA5 /* ViewCode.swift */ = {isa = PBXFileReference; lastKnownFileType = sourcecode.swift; path = ViewCode.swift; sourceTree = "<group>"; };
		11BB120A29F86CFD007AEBA5 /* LoginView.swift */ = {isa = PBXFileReference; lastKnownFileType = sourcecode.swift; path = LoginView.swift; sourceTree = "<group>"; };
		11BB120C29F86D07007AEBA5 /* LoginViewModel.swift */ = {isa = PBXFileReference; lastKnownFileType = sourcecode.swift; path = LoginViewModel.swift; sourceTree = "<group>"; };
		11BB120E29F86D37007AEBA5 /* GoogleService.plist */ = {isa = PBXFileReference; fileEncoding = 4; lastKnownFileType = text.plist.xml; path = GoogleService.plist; sourceTree = "<group>"; };
		11BB121D29F8705A007AEBA5 /* BaseUIView.swift */ = {isa = PBXFileReference; lastKnownFileType = sourcecode.swift; path = BaseUIView.swift; sourceTree = "<group>"; };
/* End PBXFileReference section */

/* Begin PBXFrameworksBuildPhase section */
		11BB11E629F86ABD007AEBA5 /* Frameworks */ = {
			isa = PBXFrameworksBuildPhase;
			buildActionMask = 2147483647;
			files = (
			);
			runOnlyForDeploymentPostprocessing = 0;
		};
/* End PBXFrameworksBuildPhase section */

/* Begin PBXGroup section */
		11BB11E029F86ABD007AEBA5 = {
			isa = PBXGroup;
			children = (
				11BB11EB29F86ABD007AEBA5 /* workout */,
				11BB11EA29F86ABD007AEBA5 /* Products */,
			);
			sourceTree = "<group>";
		};
		11BB11EA29F86ABD007AEBA5 /* Products */ = {
			isa = PBXGroup;
			children = (
				11BB11E929F86ABD007AEBA5 /* workout.app */,
			);
			name = Products;
			sourceTree = "<group>";
		};
		11BB11EB29F86ABD007AEBA5 /* workout */ = {
			isa = PBXGroup;
			children = (
				11BB120129F86C4C007AEBA5 /* App */,
				11BB120029F86C43007AEBA5 /* Core */,
				11BB11F529F86ABE007AEBA5 /* Assets.xcassets */,
				11BB11F729F86ABE007AEBA5 /* LaunchScreen.storyboard */,
				11BB11FA29F86ABE007AEBA5 /* Info.plist */,
			);
			path = workout;
			sourceTree = "<group>";
		};
		11BB120029F86C43007AEBA5 /* Core */ = {
			isa = PBXGroup;
			children = (
				11BB120E29F86D37007AEBA5 /* GoogleService.plist */,
				11BB11EC29F86ABD007AEBA5 /* AppDelegate.swift */,
				11BB11EE29F86ABD007AEBA5 /* SceneDelegate.swift */,
			);
			path = Core;
			sourceTree = "<group>";
		};
		11BB120129F86C4C007AEBA5 /* App */ = {
			isa = PBXGroup;
			children = (
				11BB120729F86CC8007AEBA5 /* Common */,
				11BB120429F86C6B007AEBA5 /* Login */,
				11BB120229F86C57007AEBA5 /* AppCoordinator.swift */,
			);
			path = App;
			sourceTree = "<group>";
		};
		11BB120429F86C6B007AEBA5 /* Login */ = {
			isa = PBXGroup;
			children = (
				11BB11F029F86ABD007AEBA5 /* LoginViewController.swift */,
				11BB120A29F86CFD007AEBA5 /* LoginView.swift */,
				11BB120C29F86D07007AEBA5 /* LoginViewModel.swift */,
			);
			path = Login;
			sourceTree = "<group>";
		};
		11BB120729F86CC8007AEBA5 /* Common */ = {
			isa = PBXGroup;
			children = (
				11BB120529F86CC5007AEBA5 /* BaseViewController.swift */,
				11BB120829F86CE4007AEBA5 /* ViewCode.swift */,
				11BB121D29F8705A007AEBA5 /* BaseUIView.swift */,
			);
			path = Common;
			sourceTree = "<group>";
		};
/* End PBXGroup section */

/* Begin PBXNativeTarget section */
		11BB11E829F86ABD007AEBA5 /* workout */ = {
			isa = PBXNativeTarget;
			buildConfigurationList = 11BB11FD29F86ABE007AEBA5 /* Build configuration list for PBXNativeTarget "workout" */;
			buildPhases = (
				11BB11E529F86ABD007AEBA5 /* Sources */,
				11BB11E629F86ABD007AEBA5 /* Frameworks */,
				11BB11E729F86ABD007AEBA5 /* Resources */,
				11BB121C29F86FC4007AEBA5 /* ShellScript */,
			);
			buildRules = (
			);
			dependencies = (
			);
			name = workout;
			packageProductDependencies = (
			);
			productName = workout;
			productReference = 11BB11E929F86ABD007AEBA5 /* workout.app */;
			productType = "com.apple.product-type.application";
		};
/* End PBXNativeTarget section */

/* Begin PBXProject section */
		11BB11E129F86ABD007AEBA5 /* Project object */ = {
			isa = PBXProject;
			attributes = {
				BuildIndependentTargetsInParallel = 1;
				LastSwiftUpdateCheck = 1420;
				LastUpgradeCheck = 1420;
				TargetAttributes = {
					11BB11E829F86ABD007AEBA5 = {
						CreatedOnToolsVersion = 14.2;
					};
				};
			};
			buildConfigurationList = 11BB11E429F86ABD007AEBA5 /* Build configuration list for PBXProject "workout" */;
			compatibilityVersion = "Xcode 14.0";
			developmentRegion = en;
			hasScannedForEncodings = 0;
			knownRegions = (
				en,
				Base,
			);
			mainGroup = 11BB11E029F86ABD007AEBA5;
			packageReferences = (
			);
			productRefGroup = 11BB11EA29F86ABD007AEBA5 /* Products */;
			projectDirPath = "";
			projectRoot = "";
			targets = (
				11BB11E829F86ABD007AEBA5 /* workout */,
			);
		};
/* End PBXProject section */

/* Begin PBXResourcesBuildPhase section */
		11BB11E729F86ABD007AEBA5 /* Resources */ = {
			isa = PBXResourcesBuildPhase;
			buildActionMask = 2147483647;
			files = (
				11BB11F929F86ABE007AEBA5 /* LaunchScreen.storyboard in Resources */,
				11BB11F629F86ABE007AEBA5 /* Assets.xcassets in Resources */,
				11BB120F29F86D37007AEBA5 /* GoogleService.plist in Resources */,
			);
			runOnlyForDeploymentPostprocessing = 0;
		};
/* End PBXResourcesBuildPhase section */

/* Begin PBXShellScriptBuildPhase section */
		11BB121C29F86FC4007AEBA5 /* ShellScript */ = {
			isa = PBXShellScriptBuildPhase;
			buildActionMask = 2147483647;
			files = (
			);
			inputFileListPaths = (
			);
			inputPaths = (
				"$(SRCROOT)/${DWARF_DSYM_FOLDER_PATH}/${DWARF_DSYM_FILE_NAME}/Contents/Resources/DWARF/${TARGET_NAME}",
				"$(SRCROOT)/$(BUILT_PRODUCTS_DIR)/$(INFOPLIST_PATH)",
			);
			outputFileListPaths = (
			);
			outputPaths = (
			);
			runOnlyForDeploymentPostprocessing = 0;
			shellPath = /bin/sh;
			shellScript = "# Type a script or drag a script file from your workspace to insert its path.\n\"${BUILD_DIR%/Build/*}/SourcePackages/checkouts/firebase-ios-sdk/Crashlytics/run\"\n";
		};
/* End PBXShellScriptBuildPhase section */

/* Begin PBXSourcesBuildPhase section */
		11BB11E529F86ABD007AEBA5 /* Sources */ = {
			isa = PBXSourcesBuildPhase;
			buildActionMask = 2147483647;
			files = (
				11BB120629F86CC5007AEBA5 /* BaseViewController.swift in Sources */,
				11BB120B29F86CFD007AEBA5 /* LoginView.swift in Sources */,
				11BB120329F86C57007AEBA5 /* AppCoordinator.swift in Sources */,
				11BB11F129F86ABD007AEBA5 /* LoginViewController.swift in Sources */,
				11BB120D29F86D07007AEBA5 /* LoginViewModel.swift in Sources */,
				11BB11ED29F86ABD007AEBA5 /* AppDelegate.swift in Sources */,
				11BB11EF29F86ABD007AEBA5 /* SceneDelegate.swift in Sources */,
				11BB120929F86CE4007AEBA5 /* ViewCode.swift in Sources */,
				11BB121E29F8705A007AEBA5 /* BaseUIView.swift in Sources */,
			);
			runOnlyForDeploymentPostprocessing = 0;
		};
/* End PBXSourcesBuildPhase section */

/* Begin PBXVariantGroup section */
		11BB11F729F86ABE007AEBA5 /* LaunchScreen.storyboard */ = {
			isa = PBXVariantGroup;
			children = (
				11BB11F829F86ABE007AEBA5 /* Base */,
			);
			name = LaunchScreen.storyboard;
			sourceTree = "<group>";
		};
/* End PBXVariantGroup section */

/* Begin XCBuildConfiguration section */
		11BB11FB29F86ABE007AEBA5 /* Debug */ = {
			isa = XCBuildConfiguration;
			buildSettings = {
				ALWAYS_SEARCH_USER_PATHS = NO;
				CLANG_ANALYZER_NONNULL = YES;
				CLANG_ANALYZER_NUMBER_OBJECT_CONVERSION = YES_AGGRESSIVE;
				CLANG_CXX_LANGUAGE_STANDARD = "gnu++20";
				CLANG_ENABLE_MODULES = YES;
				CLANG_ENABLE_OBJC_ARC = YES;
				CLANG_ENABLE_OBJC_WEAK = YES;
				CLANG_WARN_BLOCK_CAPTURE_AUTORELEASING = YES;
				CLANG_WARN_BOOL_CONVERSION = YES;
				CLANG_WARN_COMMA = YES;
				CLANG_WARN_CONSTANT_CONVERSION = YES;
				CLANG_WARN_DEPRECATED_OBJC_IMPLEMENTATIONS = YES;
				CLANG_WARN_DIRECT_OBJC_ISA_USAGE = YES_ERROR;
				CLANG_WARN_DOCUMENTATION_COMMENTS = YES;
				CLANG_WARN_EMPTY_BODY = YES;
				CLANG_WARN_ENUM_CONVERSION = YES;
				CLANG_WARN_INFINITE_RECURSION = YES;
				CLANG_WARN_INT_CONVERSION = YES;
				CLANG_WARN_NON_LITERAL_NULL_CONVERSION = YES;
				CLANG_WARN_OBJC_IMPLICIT_RETAIN_SELF = YES;
				CLANG_WARN_OBJC_LITERAL_CONVERSION = YES;
				CLANG_WARN_OBJC_ROOT_CLASS = YES_ERROR;
				CLANG_WARN_QUOTED_INCLUDE_IN_FRAMEWORK_HEADER = YES;
				CLANG_WARN_RANGE_LOOP_ANALYSIS = YES;
				CLANG_WARN_STRICT_PROTOTYPES = YES;
				CLANG_WARN_SUSPICIOUS_MOVE = YES;
				CLANG_WARN_UNGUARDED_AVAILABILITY = YES_AGGRESSIVE;
				CLANG_WARN_UNREACHABLE_CODE = YES;
				CLANG_WARN__DUPLICATE_METHOD_MATCH = YES;
				COPY_PHASE_STRIP = NO;
				DEBUG_INFORMATION_FORMAT = dwarf;
				ENABLE_STRICT_OBJC_MSGSEND = YES;
				ENABLE_TESTABILITY = YES;
				GCC_C_LANGUAGE_STANDARD = gnu11;
				GCC_DYNAMIC_NO_PIC = NO;
				GCC_NO_COMMON_BLOCKS = YES;
				GCC_OPTIMIZATION_LEVEL = 0;
				GCC_PREPROCESSOR_DEFINITIONS = (
					"DEBUG=1",
					"$(inherited)",
				);
				GCC_WARN_64_TO_32_BIT_CONVERSION = YES;
				GCC_WARN_ABOUT_RETURN_TYPE = YES_ERROR;
				GCC_WARN_UNDECLARED_SELECTOR = YES;
				GCC_WARN_UNINITIALIZED_AUTOS = YES_AGGRESSIVE;
				GCC_WARN_UNUSED_FUNCTION = YES;
				GCC_WARN_UNUSED_VARIABLE = YES;
				IPHONEOS_DEPLOYMENT_TARGET = 15.0;
				MTL_ENABLE_DEBUG_INFO = INCLUDE_SOURCE;
				MTL_FAST_MATH = YES;
				ONLY_ACTIVE_ARCH = YES;
				SDKROOT = iphoneos;
				SWIFT_ACTIVE_COMPILATION_CONDITIONS = DEBUG;
				SWIFT_OPTIMIZATION_LEVEL = "-Onone";
			};
			name = Debug;
		};
		11BB11FC29F86ABE007AEBA5 /* Release */ = {
			isa = XCBuildConfiguration;
			buildSettings = {
				ALWAYS_SEARCH_USER_PATHS = NO;
				CLANG_ANALYZER_NONNULL = YES;
				CLANG_ANALYZER_NUMBER_OBJECT_CONVERSION = YES_AGGRESSIVE;
				CLANG_CXX_LANGUAGE_STANDARD = "gnu++20";
				CLANG_ENABLE_MODULES = YES;
				CLANG_ENABLE_OBJC_ARC = YES;
				CLANG_ENABLE_OBJC_WEAK = YES;
				CLANG_WARN_BLOCK_CAPTURE_AUTORELEASING = YES;
				CLANG_WARN_BOOL_CONVERSION = YES;
				CLANG_WARN_COMMA = YES;
				CLANG_WARN_CONSTANT_CONVERSION = YES;
				CLANG_WARN_DEPRECATED_OBJC_IMPLEMENTATIONS = YES;
				CLANG_WARN_DIRECT_OBJC_ISA_USAGE = YES_ERROR;
				CLANG_WARN_DOCUMENTATION_COMMENTS = YES;
				CLANG_WARN_EMPTY_BODY = YES;
				CLANG_WARN_ENUM_CONVERSION = YES;
				CLANG_WARN_INFINITE_RECURSION = YES;
				CLANG_WARN_INT_CONVERSION = YES;
				CLANG_WARN_NON_LITERAL_NULL_CONVERSION = YES;
				CLANG_WARN_OBJC_IMPLICIT_RETAIN_SELF = YES;
				CLANG_WARN_OBJC_LITERAL_CONVERSION = YES;
				CLANG_WARN_OBJC_ROOT_CLASS = YES_ERROR;
				CLANG_WARN_QUOTED_INCLUDE_IN_FRAMEWORK_HEADER = YES;
				CLANG_WARN_RANGE_LOOP_ANALYSIS = YES;
				CLANG_WARN_STRICT_PROTOTYPES = YES;
				CLANG_WARN_SUSPICIOUS_MOVE = YES;
				CLANG_WARN_UNGUARDED_AVAILABILITY = YES_AGGRESSIVE;
				CLANG_WARN_UNREACHABLE_CODE = YES;
				CLANG_WARN__DUPLICATE_METHOD_MATCH = YES;
				COPY_PHASE_STRIP = NO;
				DEBUG_INFORMATION_FORMAT = "dwarf-with-dsym";
				ENABLE_NS_ASSERTIONS = NO;
				ENABLE_STRICT_OBJC_MSGSEND = YES;
				GCC_C_LANGUAGE_STANDARD = gnu11;
				GCC_NO_COMMON_BLOCKS = YES;
				GCC_WARN_64_TO_32_BIT_CONVERSION = YES;
				GCC_WARN_ABOUT_RETURN_TYPE = YES_ERROR;
				GCC_WARN_UNDECLARED_SELECTOR = YES;
				GCC_WARN_UNINITIALIZED_AUTOS = YES_AGGRESSIVE;
				GCC_WARN_UNUSED_FUNCTION = YES;
				GCC_WARN_UNUSED_VARIABLE = YES;
				IPHONEOS_DEPLOYMENT_TARGET = 15.0;
				MTL_ENABLE_DEBUG_INFO = NO;
				MTL_FAST_MATH = YES;
				SDKROOT = iphoneos;
				SWIFT_COMPILATION_MODE = wholemodule;
				SWIFT_OPTIMIZATION_LEVEL = "-O";
				VALIDATE_PRODUCT = YES;
			};
			name = Release;
		};
		11BB11FE29F86ABE007AEBA5 /* Debug */ = {
			isa = XCBuildConfiguration;
			buildSettings = {
				ASSETCATALOG_COMPILER_APPICON_NAME = AppIcon;
				ASSETCATALOG_COMPILER_GLOBAL_ACCENT_COLOR_NAME = AccentColor;
				CODE_SIGN_STYLE = Automatic;
				CURRENT_PROJECT_VERSION = 1;
				DEBUG_INFORMATION_FORMAT = "dwarf-with-dsym";
				DEVELOPMENT_TEAM = 8SM9A2F6Y9;
				GENERATE_INFOPLIST_FILE = YES;
				INFOPLIST_FILE = workout/Info.plist;
				INFOPLIST_KEY_CFBundleDisplayName = Workout;
				INFOPLIST_KEY_UIApplicationSupportsIndirectInputEvents = YES;
				INFOPLIST_KEY_UILaunchStoryboardName = LaunchScreen;
				INFOPLIST_KEY_UISupportedInterfaceOrientations_iPad = "UIInterfaceOrientationPortrait UIInterfaceOrientationPortraitUpsideDown UIInterfaceOrientationLandscapeLeft UIInterfaceOrientationLandscapeRight";
				INFOPLIST_KEY_UISupportedInterfaceOrientations_iPhone = "UIInterfaceOrientationPortrait UIInterfaceOrientationLandscapeLeft UIInterfaceOrientationLandscapeRight";
				IPHONEOS_DEPLOYMENT_TARGET = 15.0;
				LD_RUNPATH_SEARCH_PATHS = (
					"$(inherited)",
					"@executable_path/Frameworks",
				);
				MARKETING_VERSION = 1.0;
				PRODUCT_BUNDLE_IDENTIFIER = br.com.guisantos.workout;
				PRODUCT_NAME = "$(TARGET_NAME)";
				SUPPORTED_PLATFORMS = "iphoneos iphonesimulator";
				SUPPORTS_MACCATALYST = NO;
				SUPPORTS_MAC_DESIGNED_FOR_IPHONE_IPAD = NO;
				SWIFT_EMIT_LOC_STRINGS = YES;
				SWIFT_VERSION = 5.0;
				TARGETED_DEVICE_FAMILY = 1;
			};
			name = Debug;
		};
		11BB11FF29F86ABE007AEBA5 /* Release */ = {
			isa = XCBuildConfiguration;
			buildSettings = {
				ASSETCATALOG_COMPILER_APPICON_NAME = AppIcon;
				ASSETCATALOG_COMPILER_GLOBAL_ACCENT_COLOR_NAME = AccentColor;
				CODE_SIGN_STYLE = Automatic;
				CURRENT_PROJECT_VERSION = 1;
				DEVELOPMENT_TEAM = 8SM9A2F6Y9;
				GENERATE_INFOPLIST_FILE = YES;
				INFOPLIST_FILE = workout/Info.plist;
				INFOPLIST_KEY_CFBundleDisplayName = Workout;
				INFOPLIST_KEY_UIApplicationSupportsIndirectInputEvents = YES;
				INFOPLIST_KEY_UILaunchStoryboardName = LaunchScreen;
				INFOPLIST_KEY_UISupportedInterfaceOrientations_iPad = "UIInterfaceOrientationPortrait UIInterfaceOrientationPortraitUpsideDown UIInterfaceOrientationLandscapeLeft UIInterfaceOrientationLandscapeRight";
				INFOPLIST_KEY_UISupportedInterfaceOrientations_iPhone = "UIInterfaceOrientationPortrait UIInterfaceOrientationLandscapeLeft UIInterfaceOrientationLandscapeRight";
				IPHONEOS_DEPLOYMENT_TARGET = 15.0;
				LD_RUNPATH_SEARCH_PATHS = (
					"$(inherited)",
					"@executable_path/Frameworks",
				);
				MARKETING_VERSION = 1.0;
				PRODUCT_BUNDLE_IDENTIFIER = br.com.guisantos.workout;
				PRODUCT_NAME = "$(TARGET_NAME)";
				SUPPORTED_PLATFORMS = "iphoneos iphonesimulator";
				SUPPORTS_MACCATALYST = NO;
				SUPPORTS_MAC_DESIGNED_FOR_IPHONE_IPAD = NO;
				SWIFT_EMIT_LOC_STRINGS = YES;
				SWIFT_VERSION = 5.0;
				TARGETED_DEVICE_FAMILY = 1;
			};
			name = Release;
		};
/* End XCBuildConfiguration section */

/* Begin XCConfigurationList section */
		11BB11E429F86ABD007AEBA5 /* Build configuration list for PBXProject "workout" */ = {
			isa = XCConfigurationList;
			buildConfigurations = (
				11BB11FB29F86ABE007AEBA5 /* Debug */,
				11BB11FC29F86ABE007AEBA5 /* Release */,
			);
			defaultConfigurationIsVisible = 0;
			defaultConfigurationName = Release;
		};
		11BB11FD29F86ABE007AEBA5 /* Build configuration list for PBXNativeTarget "workout" */ = {
			isa = XCConfigurationList;
			buildConfigurations = (
				11BB11FE29F86ABE007AEBA5 /* Debug */,
				11BB11FF29F86ABE007AEBA5 /* Release */,
			);
			defaultConfigurationIsVisible = 0;
			defaultConfigurationName = Release;
		};
/* End XCConfigurationList section */
	};
	rootObject = 11BB11E129F86ABD007AEBA5 /* Project object */;
}
