// !$*UTF8*$!
{
	archiveVersion = 1;
	classes = {
	};
	objectVersion = 56;
	objects = {

/* Begin PBXBuildFile section */
		115839FD29F89B970087F688 /* HomeViewController.swift in Sources */ = {isa = PBXBuildFile; fileRef = 115839FC29F89B960087F688 /* HomeViewController.swift */; };
		115839FF29F89BA30087F688 /* HomeView.swift in Sources */ = {isa = PBXBuildFile; fileRef = 115839FE29F89BA30087F688 /* HomeView.swift */; };
		11583A0129F8A0230087F688 /* HomeCoordinator.swift in Sources */ = {isa = PBXBuildFile; fileRef = 11583A0029F8A0230087F688 /* HomeCoordinator.swift */; };
		11BB11ED29F86ABD007AEBA5 /* AppDelegate.swift in Sources */ = {isa = PBXBuildFile; fileRef = 11BB11EC29F86ABD007AEBA5 /* AppDelegate.swift */; };
		11BB11EF29F86ABD007AEBA5 /* SceneDelegate.swift in Sources */ = {isa = PBXBuildFile; fileRef = 11BB11EE29F86ABD007AEBA5 /* SceneDelegate.swift */; };
		11BB11F129F86ABD007AEBA5 /* LoginViewController.swift in Sources */ = {isa = PBXBuildFile; fileRef = 11BB11F029F86ABD007AEBA5 /* LoginViewController.swift */; };
		11BB11F629F86ABE007AEBA5 /* Assets.xcassets in Resources */ = {isa = PBXBuildFile; fileRef = 11BB11F529F86ABE007AEBA5 /* Assets.xcassets */; };
		11BB11F929F86ABE007AEBA5 /* LaunchScreen.storyboard in Resources */ = {isa = PBXBuildFile; fileRef = 11BB11F729F86ABE007AEBA5 /* LaunchScreen.storyboard */; };
		11BB120329F86C57007AEBA5 /* AppCoordinator.swift in Sources */ = {isa = PBXBuildFile; fileRef = 11BB120229F86C57007AEBA5 /* AppCoordinator.swift */; };
		11BB120629F86CC5007AEBA5 /* BaseViewController.swift in Sources */ = {isa = PBXBuildFile; fileRef = 11BB120529F86CC5007AEBA5 /* BaseViewController.swift */; };
		11BB120929F86CE4007AEBA5 /* ViewCode.swift in Sources */ = {isa = PBXBuildFile; fileRef = 11BB120829F86CE4007AEBA5 /* ViewCode.swift */; };
		11BB120B29F86CFD007AEBA5 /* LoginView.swift in Sources */ = {isa = PBXBuildFile; fileRef = 11BB120A29F86CFD007AEBA5 /* LoginView.swift */; };
		11BB120F29F86D37007AEBA5 /* GoogleService-Info.plist in Resources */ = {isa = PBXBuildFile; fileRef = 11BB120E29F86D37007AEBA5 /* GoogleService-Info.plist */; };
		11BB121E29F8705A007AEBA5 /* BaseUIView.swift in Sources */ = {isa = PBXBuildFile; fileRef = 11BB121D29F8705A007AEBA5 /* BaseUIView.swift */; };
		11F15B4A29F9EE92006A39D3 /* Database.xcdatamodeld in Sources */ = {isa = PBXBuildFile; fileRef = 11F15B4829F9EE92006A39D3 /* Database.xcdatamodeld */; };
		11F15B6429F9F485006A39D3 /* HomeViewModel.swift in Sources */ = {isa = PBXBuildFile; fileRef = 11F15B6329F9F485006A39D3 /* HomeViewModel.swift */; };
		11F15B6929F9F70F006A39D3 /* Exercise+CoreDataClass.swift in Sources */ = {isa = PBXBuildFile; fileRef = 11F15B6529F9F70F006A39D3 /* Exercise+CoreDataClass.swift */; };
		11F15B6A29F9F70F006A39D3 /* Exercise+CoreDataProperties.swift in Sources */ = {isa = PBXBuildFile; fileRef = 11F15B6629F9F70F006A39D3 /* Exercise+CoreDataProperties.swift */; };
		11F15B6B29F9F70F006A39D3 /* Workout+CoreDataClass.swift in Sources */ = {isa = PBXBuildFile; fileRef = 11F15B6729F9F70F006A39D3 /* Workout+CoreDataClass.swift */; };
		11F15B6C29F9F70F006A39D3 /* Workout+CoreDataProperties.swift in Sources */ = {isa = PBXBuildFile; fileRef = 11F15B6829F9F70F006A39D3 /* Workout+CoreDataProperties.swift */; };
		11F15B6F29F9F795006A39D3 /* ExerciseManager.swift in Sources */ = {isa = PBXBuildFile; fileRef = 11F15B6E29F9F795006A39D3 /* ExerciseManager.swift */; };
		11F15B7129F9F7D7006A39D3 /* CoreDataStack.swift in Sources */ = {isa = PBXBuildFile; fileRef = 11F15B7029F9F7D7006A39D3 /* CoreDataStack.swift */; };
		11F15B7329F9F7EF006A39D3 /* WorkoutManager.swift in Sources */ = {isa = PBXBuildFile; fileRef = 11F15B7229F9F7EF006A39D3 /* WorkoutManager.swift */; };
		11F15B7529FA118F006A39D3 /* Color+Extension.swift in Sources */ = {isa = PBXBuildFile; fileRef = 11F15B7429FA118F006A39D3 /* Color+Extension.swift */; };
		11F15B7E29FA14DB006A39D3 /* Poppins-SemiBold.ttf in Resources */ = {isa = PBXBuildFile; fileRef = 11F15B7729FA14DA006A39D3 /* Poppins-SemiBold.ttf */; };
		11F15B7F29FA14DB006A39D3 /* Poppins-Thin.ttf in Resources */ = {isa = PBXBuildFile; fileRef = 11F15B7829FA14DA006A39D3 /* Poppins-Thin.ttf */; };
		11F15B8029FA14DB006A39D3 /* Poppins-ExtraLight.ttf in Resources */ = {isa = PBXBuildFile; fileRef = 11F15B7929FA14DA006A39D3 /* Poppins-ExtraLight.ttf */; };
		11F15B8129FA14DB006A39D3 /* Poppins-Medium.ttf in Resources */ = {isa = PBXBuildFile; fileRef = 11F15B7A29FA14DA006A39D3 /* Poppins-Medium.ttf */; };
		11F15B8229FA14DB006A39D3 /* Poppins-Bold.ttf in Resources */ = {isa = PBXBuildFile; fileRef = 11F15B7B29FA14DB006A39D3 /* Poppins-Bold.ttf */; };
		11F15B8329FA14DB006A39D3 /* Poppins-Regular.ttf in Resources */ = {isa = PBXBuildFile; fileRef = 11F15B7C29FA14DB006A39D3 /* Poppins-Regular.ttf */; };
		11F15B8429FA14DB006A39D3 /* Poppins-Light.ttf in Resources */ = {isa = PBXBuildFile; fileRef = 11F15B7D29FA14DB006A39D3 /* Poppins-Light.ttf */; };
		11F15B8629FA1620006A39D3 /* Font+Extension.swift in Sources */ = {isa = PBXBuildFile; fileRef = 11F15B8529FA1620006A39D3 /* Font+Extension.swift */; };
		11F15B8829FA17E1006A39D3 /* HomeViewCell.swift in Sources */ = {isa = PBXBuildFile; fileRef = 11F15B8729FA17E1006A39D3 /* HomeViewCell.swift */; };
		11F15B8E29FA25C3006A39D3 /* CreateWorkoutViewController.swift in Sources */ = {isa = PBXBuildFile; fileRef = 11F15B8C29FA25C3006A39D3 /* CreateWorkoutViewController.swift */; };
		11F15B9129FAA324006A39D3 /* CreateWorkoutView.swift in Sources */ = {isa = PBXBuildFile; fileRef = 11F15B9029FAA324006A39D3 /* CreateWorkoutView.swift */; };
		11F15B9329FAA9A5006A39D3 /* CreateWorkoutViewModel.swift in Sources */ = {isa = PBXBuildFile; fileRef = 11F15B9229FAA9A5006A39D3 /* CreateWorkoutViewModel.swift */; };
		11F15B9629FAB06C006A39D3 /* WorkoutDetailViewController.swift in Sources */ = {isa = PBXBuildFile; fileRef = 11F15B9529FAB06C006A39D3 /* WorkoutDetailViewController.swift */; };
		11F15B9829FAB073006A39D3 /* WorkoutDetailView.swift in Sources */ = {isa = PBXBuildFile; fileRef = 11F15B9729FAB073006A39D3 /* WorkoutDetailView.swift */; };
		11F15B9A29FAB07D006A39D3 /* WorkoutDetailViewModel.swift in Sources */ = {isa = PBXBuildFile; fileRef = 11F15B9929FAB07D006A39D3 /* WorkoutDetailViewModel.swift */; };
		11F15B9C29FAB95B006A39D3 /* WorkoutTableViewCell.swift in Sources */ = {isa = PBXBuildFile; fileRef = 11F15B9B29FAB95B006A39D3 /* WorkoutTableViewCell.swift */; };
		11F15B9E29FABA62006A39D3 /* UIImageView+Extension.swift in Sources */ = {isa = PBXBuildFile; fileRef = 11F15B9D29FABA62006A39D3 /* UIImageView+Extension.swift */; };
		11F15BA229FAC09A006A39D3 /* AddExerciseViewController.swift in Sources */ = {isa = PBXBuildFile; fileRef = 11F15BA029FAC09A006A39D3 /* AddExerciseViewController.swift */; };
		11F15BA529FAC0AC006A39D3 /* AddExerciseViewModel.swift in Sources */ = {isa = PBXBuildFile; fileRef = 11F15BA429FAC0AC006A39D3 /* AddExerciseViewModel.swift */; };
		11F15BA729FAC1D1006A39D3 /* AddExerciseView.swift in Sources */ = {isa = PBXBuildFile; fileRef = 11F15BA629FAC1D1006A39D3 /* AddExerciseView.swift */; };
		3CAD9513B02BAA738C17E007 /* Pods_workout.framework in Frameworks */ = {isa = PBXBuildFile; fileRef = 85533DFA92FACE17546DE7DC /* Pods_workout.framework */; };
/* End PBXBuildFile section */

/* Begin PBXFileReference section */
		115839FA29F87B220087F688 /* workout.entitlements */ = {isa = PBXFileReference; lastKnownFileType = text.plist.entitlements; path = workout.entitlements; sourceTree = "<group>"; };
		115839FC29F89B960087F688 /* HomeViewController.swift */ = {isa = PBXFileReference; lastKnownFileType = sourcecode.swift; path = HomeViewController.swift; sourceTree = "<group>"; };
		115839FE29F89BA30087F688 /* HomeView.swift */ = {isa = PBXFileReference; lastKnownFileType = sourcecode.swift; path = HomeView.swift; sourceTree = "<group>"; };
		11583A0029F8A0230087F688 /* HomeCoordinator.swift */ = {isa = PBXFileReference; lastKnownFileType = sourcecode.swift; path = HomeCoordinator.swift; sourceTree = "<group>"; };
		11BB11E929F86ABD007AEBA5 /* workout.app */ = {isa = PBXFileReference; explicitFileType = wrapper.application; includeInIndex = 0; path = workout.app; sourceTree = BUILT_PRODUCTS_DIR; };
		11BB11EC29F86ABD007AEBA5 /* AppDelegate.swift */ = {isa = PBXFileReference; lastKnownFileType = sourcecode.swift; path = AppDelegate.swift; sourceTree = "<group>"; };
		11BB11EE29F86ABD007AEBA5 /* SceneDelegate.swift */ = {isa = PBXFileReference; lastKnownFileType = sourcecode.swift; path = SceneDelegate.swift; sourceTree = "<group>"; };
		11BB11F029F86ABD007AEBA5 /* LoginViewController.swift */ = {isa = PBXFileReference; lastKnownFileType = sourcecode.swift; path = LoginViewController.swift; sourceTree = "<group>"; };
		11BB11F529F86ABE007AEBA5 /* Assets.xcassets */ = {isa = PBXFileReference; lastKnownFileType = folder.assetcatalog; path = Assets.xcassets; sourceTree = "<group>"; };
		11BB11F829F86ABE007AEBA5 /* Base */ = {isa = PBXFileReference; lastKnownFileType = file.storyboard; name = Base; path = Base.lproj/LaunchScreen.storyboard; sourceTree = "<group>"; };
		11BB11FA29F86ABE007AEBA5 /* Info.plist */ = {isa = PBXFileReference; lastKnownFileType = text.plist.xml; path = Info.plist; sourceTree = "<group>"; };
		11BB120229F86C57007AEBA5 /* AppCoordinator.swift */ = {isa = PBXFileReference; lastKnownFileType = sourcecode.swift; path = AppCoordinator.swift; sourceTree = "<group>"; };
		11BB120529F86CC5007AEBA5 /* BaseViewController.swift */ = {isa = PBXFileReference; lastKnownFileType = sourcecode.swift; path = BaseViewController.swift; sourceTree = "<group>"; };
		11BB120829F86CE4007AEBA5 /* ViewCode.swift */ = {isa = PBXFileReference; lastKnownFileType = sourcecode.swift; path = ViewCode.swift; sourceTree = "<group>"; };
		11BB120A29F86CFD007AEBA5 /* LoginView.swift */ = {isa = PBXFileReference; lastKnownFileType = sourcecode.swift; path = LoginView.swift; sourceTree = "<group>"; };
		11BB120E29F86D37007AEBA5 /* GoogleService-Info.plist */ = {isa = PBXFileReference; fileEncoding = 4; lastKnownFileType = text.plist.xml; path = "GoogleService-Info.plist"; sourceTree = "<group>"; };
		11BB121D29F8705A007AEBA5 /* BaseUIView.swift */ = {isa = PBXFileReference; lastKnownFileType = sourcecode.swift; path = BaseUIView.swift; sourceTree = "<group>"; };
		11F15B4929F9EE92006A39D3 /* Database.xcdatamodel */ = {isa = PBXFileReference; lastKnownFileType = wrapper.xcdatamodel; path = Database.xcdatamodel; sourceTree = "<group>"; };
		11F15B6329F9F485006A39D3 /* HomeViewModel.swift */ = {isa = PBXFileReference; lastKnownFileType = sourcecode.swift; path = HomeViewModel.swift; sourceTree = "<group>"; };
		11F15B6529F9F70F006A39D3 /* Exercise+CoreDataClass.swift */ = {isa = PBXFileReference; lastKnownFileType = sourcecode.swift; path = "Exercise+CoreDataClass.swift"; sourceTree = "<group>"; };
		11F15B6629F9F70F006A39D3 /* Exercise+CoreDataProperties.swift */ = {isa = PBXFileReference; lastKnownFileType = sourcecode.swift; path = "Exercise+CoreDataProperties.swift"; sourceTree = "<group>"; };
		11F15B6729F9F70F006A39D3 /* Workout+CoreDataClass.swift */ = {isa = PBXFileReference; lastKnownFileType = sourcecode.swift; path = "Workout+CoreDataClass.swift"; sourceTree = "<group>"; };
		11F15B6829F9F70F006A39D3 /* Workout+CoreDataProperties.swift */ = {isa = PBXFileReference; lastKnownFileType = sourcecode.swift; path = "Workout+CoreDataProperties.swift"; sourceTree = "<group>"; };
		11F15B6E29F9F795006A39D3 /* ExerciseManager.swift */ = {isa = PBXFileReference; lastKnownFileType = sourcecode.swift; path = ExerciseManager.swift; sourceTree = "<group>"; };
		11F15B7029F9F7D7006A39D3 /* CoreDataStack.swift */ = {isa = PBXFileReference; lastKnownFileType = sourcecode.swift; path = CoreDataStack.swift; sourceTree = "<group>"; };
		11F15B7229F9F7EF006A39D3 /* WorkoutManager.swift */ = {isa = PBXFileReference; lastKnownFileType = sourcecode.swift; path = WorkoutManager.swift; sourceTree = "<group>"; };
		11F15B7429FA118F006A39D3 /* Color+Extension.swift */ = {isa = PBXFileReference; lastKnownFileType = sourcecode.swift; path = "Color+Extension.swift"; sourceTree = "<group>"; };
		11F15B7729FA14DA006A39D3 /* Poppins-SemiBold.ttf */ = {isa = PBXFileReference; lastKnownFileType = file; path = "Poppins-SemiBold.ttf"; sourceTree = "<group>"; };
		11F15B7829FA14DA006A39D3 /* Poppins-Thin.ttf */ = {isa = PBXFileReference; lastKnownFileType = file; path = "Poppins-Thin.ttf"; sourceTree = "<group>"; };
		11F15B7929FA14DA006A39D3 /* Poppins-ExtraLight.ttf */ = {isa = PBXFileReference; lastKnownFileType = file; path = "Poppins-ExtraLight.ttf"; sourceTree = "<group>"; };
		11F15B7A29FA14DA006A39D3 /* Poppins-Medium.ttf */ = {isa = PBXFileReference; lastKnownFileType = file; path = "Poppins-Medium.ttf"; sourceTree = "<group>"; };
		11F15B7B29FA14DB006A39D3 /* Poppins-Bold.ttf */ = {isa = PBXFileReference; lastKnownFileType = file; path = "Poppins-Bold.ttf"; sourceTree = "<group>"; };
		11F15B7C29FA14DB006A39D3 /* Poppins-Regular.ttf */ = {isa = PBXFileReference; lastKnownFileType = file; path = "Poppins-Regular.ttf"; sourceTree = "<group>"; };
		11F15B7D29FA14DB006A39D3 /* Poppins-Light.ttf */ = {isa = PBXFileReference; lastKnownFileType = file; path = "Poppins-Light.ttf"; sourceTree = "<group>"; };
		11F15B8529FA1620006A39D3 /* Font+Extension.swift */ = {isa = PBXFileReference; lastKnownFileType = sourcecode.swift; path = "Font+Extension.swift"; sourceTree = "<group>"; };
		11F15B8729FA17E1006A39D3 /* HomeViewCell.swift */ = {isa = PBXFileReference; lastKnownFileType = sourcecode.swift; path = HomeViewCell.swift; sourceTree = "<group>"; };
		11F15B8C29FA25C3006A39D3 /* CreateWorkoutViewController.swift */ = {isa = PBXFileReference; lastKnownFileType = sourcecode.swift; path = CreateWorkoutViewController.swift; sourceTree = "<group>"; };
		11F15B9029FAA324006A39D3 /* CreateWorkoutView.swift */ = {isa = PBXFileReference; lastKnownFileType = sourcecode.swift; path = CreateWorkoutView.swift; sourceTree = "<group>"; };
		11F15B9229FAA9A5006A39D3 /* CreateWorkoutViewModel.swift */ = {isa = PBXFileReference; lastKnownFileType = sourcecode.swift; path = CreateWorkoutViewModel.swift; sourceTree = "<group>"; };
		11F15B9529FAB06C006A39D3 /* WorkoutDetailViewController.swift */ = {isa = PBXFileReference; lastKnownFileType = sourcecode.swift; path = WorkoutDetailViewController.swift; sourceTree = "<group>"; };
		11F15B9729FAB073006A39D3 /* WorkoutDetailView.swift */ = {isa = PBXFileReference; lastKnownFileType = sourcecode.swift; path = WorkoutDetailView.swift; sourceTree = "<group>"; };
		11F15B9929FAB07D006A39D3 /* WorkoutDetailViewModel.swift */ = {isa = PBXFileReference; lastKnownFileType = sourcecode.swift; path = WorkoutDetailViewModel.swift; sourceTree = "<group>"; };
		11F15B9B29FAB95B006A39D3 /* WorkoutTableViewCell.swift */ = {isa = PBXFileReference; lastKnownFileType = sourcecode.swift; path = WorkoutTableViewCell.swift; sourceTree = "<group>"; };
		11F15B9D29FABA62006A39D3 /* UIImageView+Extension.swift */ = {isa = PBXFileReference; lastKnownFileType = sourcecode.swift; path = "UIImageView+Extension.swift"; sourceTree = "<group>"; };
		11F15BA029FAC09A006A39D3 /* AddExerciseViewController.swift */ = {isa = PBXFileReference; lastKnownFileType = sourcecode.swift; path = AddExerciseViewController.swift; sourceTree = "<group>"; };
		11F15BA429FAC0AC006A39D3 /* AddExerciseViewModel.swift */ = {isa = PBXFileReference; lastKnownFileType = sourcecode.swift; path = AddExerciseViewModel.swift; sourceTree = "<group>"; };
		11F15BA629FAC1D1006A39D3 /* AddExerciseView.swift */ = {isa = PBXFileReference; lastKnownFileType = sourcecode.swift; path = AddExerciseView.swift; sourceTree = "<group>"; };
		85533DFA92FACE17546DE7DC /* Pods_workout.framework */ = {isa = PBXFileReference; explicitFileType = wrapper.framework; includeInIndex = 0; path = Pods_workout.framework; sourceTree = BUILT_PRODUCTS_DIR; };
		BE65EA56601D7DD790FB33DF /* Pods-workout.debug.xcconfig */ = {isa = PBXFileReference; includeInIndex = 1; lastKnownFileType = text.xcconfig; name = "Pods-workout.debug.xcconfig"; path = "Target Support Files/Pods-workout/Pods-workout.debug.xcconfig"; sourceTree = "<group>"; };
		C2BFFB9B7B1834D85DB20793 /* Pods-workout.release.xcconfig */ = {isa = PBXFileReference; includeInIndex = 1; lastKnownFileType = text.xcconfig; name = "Pods-workout.release.xcconfig"; path = "Target Support Files/Pods-workout/Pods-workout.release.xcconfig"; sourceTree = "<group>"; };
/* End PBXFileReference section */

/* Begin PBXFrameworksBuildPhase section */
		11BB11E629F86ABD007AEBA5 /* Frameworks */ = {
			isa = PBXFrameworksBuildPhase;
			buildActionMask = 2147483647;
			files = (
				3CAD9513B02BAA738C17E007 /* Pods_workout.framework in Frameworks */,
			);
			runOnlyForDeploymentPostprocessing = 0;
		};
/* End PBXFrameworksBuildPhase section */

/* Begin PBXGroup section */
		115839FB29F89B8C0087F688 /* Home */ = {
			isa = PBXGroup;
			children = (
				115839FC29F89B960087F688 /* HomeViewController.swift */,
				115839FE29F89BA30087F688 /* HomeView.swift */,
				11583A0029F8A0230087F688 /* HomeCoordinator.swift */,
				11F15B6329F9F485006A39D3 /* HomeViewModel.swift */,
				11F15B8729FA17E1006A39D3 /* HomeViewCell.swift */,
			);
			path = Home;
			sourceTree = "<group>";
		};
		11583A0B29F8C37E0087F688 /* Model */ = {
			isa = PBXGroup;
			children = (
				11F15B6D29F9F786006A39D3 /* Managers */,
				11F15B6529F9F70F006A39D3 /* Exercise+CoreDataClass.swift */,
				11F15B6629F9F70F006A39D3 /* Exercise+CoreDataProperties.swift */,
				11F15B6729F9F70F006A39D3 /* Workout+CoreDataClass.swift */,
				11F15B6829F9F70F006A39D3 /* Workout+CoreDataProperties.swift */,
			);
			path = Model;
			sourceTree = "<group>";
		};
		11BB11E029F86ABD007AEBA5 = {
			isa = PBXGroup;
			children = (
				11BB11EB29F86ABD007AEBA5 /* workout */,
				11BB11EA29F86ABD007AEBA5 /* Products */,
				217BEBCDEF09F632488F8FF8 /* Pods */,
				A9F760A648B54580244E7082 /* Frameworks */,
			);
			sourceTree = "<group>";
		};
		11BB11EA29F86ABD007AEBA5 /* Products */ = {
			isa = PBXGroup;
			children = (
				11BB11E929F86ABD007AEBA5 /* workout.app */,
			);
			name = Products;
			sourceTree = "<group>";
		};
		11BB11EB29F86ABD007AEBA5 /* workout */ = {
			isa = PBXGroup;
			children = (
				115839FA29F87B220087F688 /* workout.entitlements */,
				11BB120129F86C4C007AEBA5 /* App */,
				11BB120029F86C43007AEBA5 /* Core */,
				11BB11F529F86ABE007AEBA5 /* Assets.xcassets */,
				11BB11F729F86ABE007AEBA5 /* LaunchScreen.storyboard */,
				11BB11FA29F86ABE007AEBA5 /* Info.plist */,
			);
			path = workout;
			sourceTree = "<group>";
		};
		11BB120029F86C43007AEBA5 /* Core */ = {
			isa = PBXGroup;
			children = (
				11F15B7629FA14C4006A39D3 /* Fonts */,
				11BB120E29F86D37007AEBA5 /* GoogleService-Info.plist */,
				11BB11EC29F86ABD007AEBA5 /* AppDelegate.swift */,
				11BB11EE29F86ABD007AEBA5 /* SceneDelegate.swift */,
				11F15B4829F9EE92006A39D3 /* Database.xcdatamodeld */,
			);
			path = Core;
			sourceTree = "<group>";
		};
		11BB120129F86C4C007AEBA5 /* App */ = {
			isa = PBXGroup;
			children = (
				11F15B9429FAB050006A39D3 /* WorkoutDetail */,
				11BB120429F86C6B007AEBA5 /* Login */,
				115839FB29F89B8C0087F688 /* Home */,
				11F15B8929FA254F006A39D3 /* CreateWorkout */,
				11583A0B29F8C37E0087F688 /* Model */,
				11BB120729F86CC8007AEBA5 /* Common */,
				11BB120229F86C57007AEBA5 /* AppCoordinator.swift */,
			);
			path = App;
			sourceTree = "<group>";
		};
		11BB120429F86C6B007AEBA5 /* Login */ = {
			isa = PBXGroup;
			children = (
				11BB11F029F86ABD007AEBA5 /* LoginViewController.swift */,
				11BB120A29F86CFD007AEBA5 /* LoginView.swift */,
			);
			path = Login;
			sourceTree = "<group>";
		};
		11BB120729F86CC8007AEBA5 /* Common */ = {
			isa = PBXGroup;
			children = (
				11BB120529F86CC5007AEBA5 /* BaseViewController.swift */,
				11BB120829F86CE4007AEBA5 /* ViewCode.swift */,
				11BB121D29F8705A007AEBA5 /* BaseUIView.swift */,
				11F15B7429FA118F006A39D3 /* Color+Extension.swift */,
				11F15B8529FA1620006A39D3 /* Font+Extension.swift */,
				11F15B9D29FABA62006A39D3 /* UIImageView+Extension.swift */,
			);
			path = Common;
			sourceTree = "<group>";
		};
		11F15B6D29F9F786006A39D3 /* Managers */ = {
			isa = PBXGroup;
			children = (
				11F15B6E29F9F795006A39D3 /* ExerciseManager.swift */,
				11F15B7029F9F7D7006A39D3 /* CoreDataStack.swift */,
				11F15B7229F9F7EF006A39D3 /* WorkoutManager.swift */,
			);
			path = Managers;
			sourceTree = "<group>";
		};
		11F15B7629FA14C4006A39D3 /* Fonts */ = {
			isa = PBXGroup;
			children = (
				11F15B7B29FA14DB006A39D3 /* Poppins-Bold.ttf */,
				11F15B7929FA14DA006A39D3 /* Poppins-ExtraLight.ttf */,
				11F15B7D29FA14DB006A39D3 /* Poppins-Light.ttf */,
				11F15B7A29FA14DA006A39D3 /* Poppins-Medium.ttf */,
				11F15B7C29FA14DB006A39D3 /* Poppins-Regular.ttf */,
				11F15B7729FA14DA006A39D3 /* Poppins-SemiBold.ttf */,
				11F15B7829FA14DA006A39D3 /* Poppins-Thin.ttf */,
			);
			path = Fonts;
			sourceTree = "<group>";
		};
		11F15B8929FA254F006A39D3 /* CreateWorkout */ = {
			isa = PBXGroup;
			children = (
				11F15B8C29FA25C3006A39D3 /* CreateWorkoutViewController.swift */,
				11F15B9029FAA324006A39D3 /* CreateWorkoutView.swift */,
				11F15B9229FAA9A5006A39D3 /* CreateWorkoutViewModel.swift */,
			);
			path = CreateWorkout;
			sourceTree = "<group>";
		};
		11F15B9429FAB050006A39D3 /* WorkoutDetail */ = {
			isa = PBXGroup;
			children = (
				11F15B9F29FAC086006A39D3 /* AddExercise */,
				11F15B9529FAB06C006A39D3 /* WorkoutDetailViewController.swift */,
				11F15B9729FAB073006A39D3 /* WorkoutDetailView.swift */,
				11F15B9929FAB07D006A39D3 /* WorkoutDetailViewModel.swift */,
				11F15B9B29FAB95B006A39D3 /* WorkoutTableViewCell.swift */,
			);
			path = WorkoutDetail;
			sourceTree = "<group>";
		};
		11F15B9F29FAC086006A39D3 /* AddExercise */ = {
			isa = PBXGroup;
			children = (
				11F15BA029FAC09A006A39D3 /* AddExerciseViewController.swift */,
				11F15BA429FAC0AC006A39D3 /* AddExerciseViewModel.swift */,
				11F15BA629FAC1D1006A39D3 /* AddExerciseView.swift */,
			);
			path = AddExercise;
			sourceTree = "<group>";
		};
		217BEBCDEF09F632488F8FF8 /* Pods */ = {
			isa = PBXGroup;
			children = (
				BE65EA56601D7DD790FB33DF /* Pods-workout.debug.xcconfig */,
				C2BFFB9B7B1834D85DB20793 /* Pods-workout.release.xcconfig */,
			);
			path = Pods;
			sourceTree = "<group>";
		};
		A9F760A648B54580244E7082 /* Frameworks */ = {
			isa = PBXGroup;
			children = (
				85533DFA92FACE17546DE7DC /* Pods_workout.framework */,
			);
			name = Frameworks;
			sourceTree = "<group>";
		};
/* End PBXGroup section */

/* Begin PBXNativeTarget section */
		11BB11E829F86ABD007AEBA5 /* workout */ = {
			isa = PBXNativeTarget;
			buildConfigurationList = 11BB11FD29F86ABE007AEBA5 /* Build configuration list for PBXNativeTarget "workout" */;
			buildPhases = (
				DF65B5D752144D51FB83281D /* [CP] Check Pods Manifest.lock */,
				11BB11E529F86ABD007AEBA5 /* Sources */,
				11BB11E629F86ABD007AEBA5 /* Frameworks */,
				11BB11E729F86ABD007AEBA5 /* Resources */,
				11BB121C29F86FC4007AEBA5 /* ShellScript */,
				EE8CD5874641B791FD477EFC /* [CP] Embed Pods Frameworks */,
			);
			buildRules = (
			);
			dependencies = (
			);
			name = workout;
			productName = workout;
			productReference = 11BB11E929F86ABD007AEBA5 /* workout.app */;
			productType = "com.apple.product-type.application";
		};
/* End PBXNativeTarget section */

/* Begin PBXProject section */
		11BB11E129F86ABD007AEBA5 /* Project object */ = {
			isa = PBXProject;
			attributes = {
				BuildIndependentTargetsInParallel = 1;
				LastSwiftUpdateCheck = 1420;
				LastUpgradeCheck = 1420;
				TargetAttributes = {
					11BB11E829F86ABD007AEBA5 = {
						CreatedOnToolsVersion = 14.2;
					};
				};
			};
			buildConfigurationList = 11BB11E429F86ABD007AEBA5 /* Build configuration list for PBXProject "workout" */;
			compatibilityVersion = "Xcode 14.0";
			developmentRegion = en;
			hasScannedForEncodings = 0;
			knownRegions = (
				en,
				Base,
			);
			mainGroup = 11BB11E029F86ABD007AEBA5;
			productRefGroup = 11BB11EA29F86ABD007AEBA5 /* Products */;
			projectDirPath = "";
			projectRoot = "";
			targets = (
				11BB11E829F86ABD007AEBA5 /* workout */,
			);
		};
/* End PBXProject section */

/* Begin PBXResourcesBuildPhase section */
		11BB11E729F86ABD007AEBA5 /* Resources */ = {
			isa = PBXResourcesBuildPhase;
			buildActionMask = 2147483647;
			files = (
				11F15B8029FA14DB006A39D3 /* Poppins-ExtraLight.ttf in Resources */,
				11F15B8429FA14DB006A39D3 /* Poppins-Light.ttf in Resources */,
				11F15B8129FA14DB006A39D3 /* Poppins-Medium.ttf in Resources */,
				11BB11F929F86ABE007AEBA5 /* LaunchScreen.storyboard in Resources */,
				11F15B8329FA14DB006A39D3 /* Poppins-Regular.ttf in Resources */,
				11F15B8229FA14DB006A39D3 /* Poppins-Bold.ttf in Resources */,
				11F15B7E29FA14DB006A39D3 /* Poppins-SemiBold.ttf in Resources */,
				11BB11F629F86ABE007AEBA5 /* Assets.xcassets in Resources */,
				11BB120F29F86D37007AEBA5 /* GoogleService-Info.plist in Resources */,
				11F15B7F29FA14DB006A39D3 /* Poppins-Thin.ttf in Resources */,
			);
			runOnlyForDeploymentPostprocessing = 0;
		};
/* End PBXResourcesBuildPhase section */

/* Begin PBXShellScriptBuildPhase section */
		11BB121C29F86FC4007AEBA5 /* ShellScript */ = {
			isa = PBXShellScriptBuildPhase;
			buildActionMask = 12;
			files = (
			);
			inputFileListPaths = (
			);
			inputPaths = (
				"$(SRCROOT)/${DWARF_DSYM_FOLDER_PATH}/${DWARF_DSYM_FILE_NAME}/Contents/Resources/DWARF/${TARGET_NAME}",
				"$(SRCROOT)/$(BUILT_PRODUCTS_DIR)/$(INFOPLIST_PATH)",
			);
			outputFileListPaths = (
			);
			outputPaths = (
			);
			runOnlyForDeploymentPostprocessing = 0;
			shellPath = /bin/sh;
			shellScript = "# Type a script or drag a script file from your workspace to insert its path.\n\"${PODS_ROOT}/FirebaseCrashlytics/run\"\n";
		};
		DF65B5D752144D51FB83281D /* [CP] Check Pods Manifest.lock */ = {
			isa = PBXShellScriptBuildPhase;
			buildActionMask = 2147483647;
			files = (
			);
			inputFileListPaths = (
			);
			inputPaths = (
				"${PODS_PODFILE_DIR_PATH}/Podfile.lock",
				"${PODS_ROOT}/Manifest.lock",
			);
			name = "[CP] Check Pods Manifest.lock";
			outputFileListPaths = (
			);
			outputPaths = (
				"$(DERIVED_FILE_DIR)/Pods-workout-checkManifestLockResult.txt",
			);
			runOnlyForDeploymentPostprocessing = 0;
			shellPath = /bin/sh;
			shellScript = "diff \"${PODS_PODFILE_DIR_PATH}/Podfile.lock\" \"${PODS_ROOT}/Manifest.lock\" > /dev/null\nif [ $? != 0 ] ; then\n    # print error to STDERR\n    echo \"error: The sandbox is not in sync with the Podfile.lock. Run 'pod install' or update your CocoaPods installation.\" >&2\n    exit 1\nfi\n# This output is used by Xcode 'outputs' to avoid re-running this script phase.\necho \"SUCCESS\" > \"${SCRIPT_OUTPUT_FILE_0}\"\n";
			showEnvVarsInLog = 0;
		};
		EE8CD5874641B791FD477EFC /* [CP] Embed Pods Frameworks */ = {
			isa = PBXShellScriptBuildPhase;
			buildActionMask = 2147483647;
			files = (
			);
			inputFileListPaths = (
				"${PODS_ROOT}/Target Support Files/Pods-workout/Pods-workout-frameworks-${CONFIGURATION}-input-files.xcfilelist",
			);
			name = "[CP] Embed Pods Frameworks";
			outputFileListPaths = (
				"${PODS_ROOT}/Target Support Files/Pods-workout/Pods-workout-frameworks-${CONFIGURATION}-output-files.xcfilelist",
			);
			runOnlyForDeploymentPostprocessing = 0;
			shellPath = /bin/sh;
			shellScript = "\"${PODS_ROOT}/Target Support Files/Pods-workout/Pods-workout-frameworks.sh\"\n";
			showEnvVarsInLog = 0;
		};
/* End PBXShellScriptBuildPhase section */

/* Begin PBXSourcesBuildPhase section */
		11BB11E529F86ABD007AEBA5 /* Sources */ = {
			isa = PBXSourcesBuildPhase;
			buildActionMask = 2147483647;
			files = (
				11F15B6429F9F485006A39D3 /* HomeViewModel.swift in Sources */,
				11F15B7529FA118F006A39D3 /* Color+Extension.swift in Sources */,
				11F15B9629FAB06C006A39D3 /* WorkoutDetailViewController.swift in Sources */,
				11F15B8629FA1620006A39D3 /* Font+Extension.swift in Sources */,
				11BB120629F86CC5007AEBA5 /* BaseViewController.swift in Sources */,
				11F15B6A29F9F70F006A39D3 /* Exercise+CoreDataProperties.swift in Sources */,
				11F15BA729FAC1D1006A39D3 /* AddExerciseView.swift in Sources */,
				11BB120B29F86CFD007AEBA5 /* LoginView.swift in Sources */,
				11F15B6C29F9F70F006A39D3 /* Workout+CoreDataProperties.swift in Sources */,
				11F15B6929F9F70F006A39D3 /* Exercise+CoreDataClass.swift in Sources */,
				11F15B6B29F9F70F006A39D3 /* Workout+CoreDataClass.swift in Sources */,
				11BB120329F86C57007AEBA5 /* AppCoordinator.swift in Sources */,
				11F15B7129F9F7D7006A39D3 /* CoreDataStack.swift in Sources */,
				115839FF29F89BA30087F688 /* HomeView.swift in Sources */,
				11F15B9C29FAB95B006A39D3 /* WorkoutTableViewCell.swift in Sources */,
				11F15B6F29F9F795006A39D3 /* ExerciseManager.swift in Sources */,
				11F15B9A29FAB07D006A39D3 /* WorkoutDetailViewModel.swift in Sources */,
				11BB11F129F86ABD007AEBA5 /* LoginViewController.swift in Sources */,
				11F15B9829FAB073006A39D3 /* WorkoutDetailView.swift in Sources */,
				11BB11ED29F86ABD007AEBA5 /* AppDelegate.swift in Sources */,
				115839FD29F89B970087F688 /* HomeViewController.swift in Sources */,
				11F15BA529FAC0AC006A39D3 /* AddExerciseViewModel.swift in Sources */,
				11BB11EF29F86ABD007AEBA5 /* SceneDelegate.swift in Sources */,
				11BB120929F86CE4007AEBA5 /* ViewCode.swift in Sources */,
				11F15B8829FA17E1006A39D3 /* HomeViewCell.swift in Sources */,
				11F15B9E29FABA62006A39D3 /* UIImageView+Extension.swift in Sources */,
				11BB121E29F8705A007AEBA5 /* BaseUIView.swift in Sources */,
				11F15B7329F9F7EF006A39D3 /* WorkoutManager.swift in Sources */,
				11F15BA229FAC09A006A39D3 /* AddExerciseViewController.swift in Sources */,
				11583A0129F8A0230087F688 /* HomeCoordinator.swift in Sources */,
				11F15B9129FAA324006A39D3 /* CreateWorkoutView.swift in Sources */,
				11F15B8E29FA25C3006A39D3 /* CreateWorkoutViewController.swift in Sources */,
				11F15B9329FAA9A5006A39D3 /* CreateWorkoutViewModel.swift in Sources */,
				11F15B4A29F9EE92006A39D3 /* Database.xcdatamodeld in Sources */,
			);
			runOnlyForDeploymentPostprocessing = 0;
		};
/* End PBXSourcesBuildPhase section */

/* Begin PBXVariantGroup section */
		11BB11F729F86ABE007AEBA5 /* LaunchScreen.storyboard */ = {
			isa = PBXVariantGroup;
			children = (
				11BB11F829F86ABE007AEBA5 /* Base */,
			);
			name = LaunchScreen.storyboard;
			sourceTree = "<group>";
		};
/* End PBXVariantGroup section */

/* Begin XCBuildConfiguration section */
		11BB11FB29F86ABE007AEBA5 /* Debug */ = {
			isa = XCBuildConfiguration;
			buildSettings = {
				ALWAYS_SEARCH_USER_PATHS = NO;
				CLANG_ANALYZER_NONNULL = YES;
				CLANG_ANALYZER_NUMBER_OBJECT_CONVERSION = YES_AGGRESSIVE;
				CLANG_CXX_LANGUAGE_STANDARD = "gnu++20";
				CLANG_ENABLE_MODULES = YES;
				CLANG_ENABLE_OBJC_ARC = YES;
				CLANG_ENABLE_OBJC_WEAK = YES;
				CLANG_WARN_BLOCK_CAPTURE_AUTORELEASING = YES;
				CLANG_WARN_BOOL_CONVERSION = YES;
				CLANG_WARN_COMMA = YES;
				CLANG_WARN_CONSTANT_CONVERSION = YES;
				CLANG_WARN_DEPRECATED_OBJC_IMPLEMENTATIONS = YES;
				CLANG_WARN_DIRECT_OBJC_ISA_USAGE = YES_ERROR;
				CLANG_WARN_DOCUMENTATION_COMMENTS = YES;
				CLANG_WARN_EMPTY_BODY = YES;
				CLANG_WARN_ENUM_CONVERSION = YES;
				CLANG_WARN_INFINITE_RECURSION = YES;
				CLANG_WARN_INT_CONVERSION = YES;
				CLANG_WARN_NON_LITERAL_NULL_CONVERSION = YES;
				CLANG_WARN_OBJC_IMPLICIT_RETAIN_SELF = YES;
				CLANG_WARN_OBJC_LITERAL_CONVERSION = YES;
				CLANG_WARN_OBJC_ROOT_CLASS = YES_ERROR;
				CLANG_WARN_QUOTED_INCLUDE_IN_FRAMEWORK_HEADER = YES;
				CLANG_WARN_RANGE_LOOP_ANALYSIS = YES;
				CLANG_WARN_STRICT_PROTOTYPES = YES;
				CLANG_WARN_SUSPICIOUS_MOVE = YES;
				CLANG_WARN_UNGUARDED_AVAILABILITY = YES_AGGRESSIVE;
				CLANG_WARN_UNREACHABLE_CODE = YES;
				CLANG_WARN__DUPLICATE_METHOD_MATCH = YES;
				COPY_PHASE_STRIP = NO;
				DEBUG_INFORMATION_FORMAT = dwarf;
				ENABLE_STRICT_OBJC_MSGSEND = YES;
				ENABLE_TESTABILITY = YES;
				GCC_C_LANGUAGE_STANDARD = gnu11;
				GCC_DYNAMIC_NO_PIC = NO;
				GCC_NO_COMMON_BLOCKS = YES;
				GCC_OPTIMIZATION_LEVEL = 0;
				GCC_PREPROCESSOR_DEFINITIONS = (
					"DEBUG=1",
					"$(inherited)",
				);
				GCC_WARN_64_TO_32_BIT_CONVERSION = YES;
				GCC_WARN_ABOUT_RETURN_TYPE = YES_ERROR;
				GCC_WARN_UNDECLARED_SELECTOR = YES;
				GCC_WARN_UNINITIALIZED_AUTOS = YES_AGGRESSIVE;
				GCC_WARN_UNUSED_FUNCTION = YES;
				GCC_WARN_UNUSED_VARIABLE = YES;
				IPHONEOS_DEPLOYMENT_TARGET = 15.0;
				MTL_ENABLE_DEBUG_INFO = INCLUDE_SOURCE;
				MTL_FAST_MATH = YES;
				ONLY_ACTIVE_ARCH = YES;
				SDKROOT = iphoneos;
				SWIFT_ACTIVE_COMPILATION_CONDITIONS = DEBUG;
				SWIFT_OPTIMIZATION_LEVEL = "-Onone";
			};
			name = Debug;
		};
		11BB11FC29F86ABE007AEBA5 /* Release */ = {
			isa = XCBuildConfiguration;
			buildSettings = {
				ALWAYS_SEARCH_USER_PATHS = NO;
				CLANG_ANALYZER_NONNULL = YES;
				CLANG_ANALYZER_NUMBER_OBJECT_CONVERSION = YES_AGGRESSIVE;
				CLANG_CXX_LANGUAGE_STANDARD = "gnu++20";
				CLANG_ENABLE_MODULES = YES;
				CLANG_ENABLE_OBJC_ARC = YES;
				CLANG_ENABLE_OBJC_WEAK = YES;
				CLANG_WARN_BLOCK_CAPTURE_AUTORELEASING = YES;
				CLANG_WARN_BOOL_CONVERSION = YES;
				CLANG_WARN_COMMA = YES;
				CLANG_WARN_CONSTANT_CONVERSION = YES;
				CLANG_WARN_DEPRECATED_OBJC_IMPLEMENTATIONS = YES;
				CLANG_WARN_DIRECT_OBJC_ISA_USAGE = YES_ERROR;
				CLANG_WARN_DOCUMENTATION_COMMENTS = YES;
				CLANG_WARN_EMPTY_BODY = YES;
				CLANG_WARN_ENUM_CONVERSION = YES;
				CLANG_WARN_INFINITE_RECURSION = YES;
				CLANG_WARN_INT_CONVERSION = YES;
				CLANG_WARN_NON_LITERAL_NULL_CONVERSION = YES;
				CLANG_WARN_OBJC_IMPLICIT_RETAIN_SELF = YES;
				CLANG_WARN_OBJC_LITERAL_CONVERSION = YES;
				CLANG_WARN_OBJC_ROOT_CLASS = YES_ERROR;
				CLANG_WARN_QUOTED_INCLUDE_IN_FRAMEWORK_HEADER = YES;
				CLANG_WARN_RANGE_LOOP_ANALYSIS = YES;
				CLANG_WARN_STRICT_PROTOTYPES = YES;
				CLANG_WARN_SUSPICIOUS_MOVE = YES;
				CLANG_WARN_UNGUARDED_AVAILABILITY = YES_AGGRESSIVE;
				CLANG_WARN_UNREACHABLE_CODE = YES;
				CLANG_WARN__DUPLICATE_METHOD_MATCH = YES;
				COPY_PHASE_STRIP = NO;
				DEBUG_INFORMATION_FORMAT = "dwarf-with-dsym";
				ENABLE_NS_ASSERTIONS = NO;
				ENABLE_STRICT_OBJC_MSGSEND = YES;
				GCC_C_LANGUAGE_STANDARD = gnu11;
				GCC_NO_COMMON_BLOCKS = YES;
				GCC_WARN_64_TO_32_BIT_CONVERSION = YES;
				GCC_WARN_ABOUT_RETURN_TYPE = YES_ERROR;
				GCC_WARN_UNDECLARED_SELECTOR = YES;
				GCC_WARN_UNINITIALIZED_AUTOS = YES_AGGRESSIVE;
				GCC_WARN_UNUSED_FUNCTION = YES;
				GCC_WARN_UNUSED_VARIABLE = YES;
				IPHONEOS_DEPLOYMENT_TARGET = 15.0;
				MTL_ENABLE_DEBUG_INFO = NO;
				MTL_FAST_MATH = YES;
				SDKROOT = iphoneos;
				SWIFT_COMPILATION_MODE = wholemodule;
				SWIFT_OPTIMIZATION_LEVEL = "-O";
				VALIDATE_PRODUCT = YES;
			};
			name = Release;
		};
		11BB11FE29F86ABE007AEBA5 /* Debug */ = {
			isa = XCBuildConfiguration;
			baseConfigurationReference = BE65EA56601D7DD790FB33DF /* Pods-workout.debug.xcconfig */;
			buildSettings = {
				ASSETCATALOG_COMPILER_APPICON_NAME = AppIcon;
				ASSETCATALOG_COMPILER_GLOBAL_ACCENT_COLOR_NAME = AccentColor;
				CODE_SIGN_ENTITLEMENTS = workout/workout.entitlements;
				CODE_SIGN_STYLE = Automatic;
				CURRENT_PROJECT_VERSION = 1;
				DEBUG_INFORMATION_FORMAT = "dwarf-with-dsym";
				DEVELOPMENT_TEAM = 8SM9A2F6Y9;
				GENERATE_INFOPLIST_FILE = YES;
				INFOPLIST_FILE = workout/Info.plist;
				INFOPLIST_KEY_CFBundleDisplayName = Workout;
				INFOPLIST_KEY_UIApplicationSupportsIndirectInputEvents = YES;
				INFOPLIST_KEY_UILaunchStoryboardName = LaunchScreen;
				INFOPLIST_KEY_UISupportedInterfaceOrientations_iPad = "UIInterfaceOrientationPortrait UIInterfaceOrientationPortraitUpsideDown UIInterfaceOrientationLandscapeLeft UIInterfaceOrientationLandscapeRight";
				INFOPLIST_KEY_UISupportedInterfaceOrientations_iPhone = "UIInterfaceOrientationPortrait UIInterfaceOrientationLandscapeLeft UIInterfaceOrientationLandscapeRight";
				IPHONEOS_DEPLOYMENT_TARGET = 15.0;
				LD_RUNPATH_SEARCH_PATHS = (
					"$(inherited)",
					"@executable_path/Frameworks",
				);
				MARKETING_VERSION = 1.0;
				PRODUCT_BUNDLE_IDENTIFIER = br.com.guisantos.workout;
				PRODUCT_NAME = "$(TARGET_NAME)";
				SUPPORTED_PLATFORMS = "iphoneos iphonesimulator";
				SUPPORTS_MACCATALYST = NO;
				SUPPORTS_MAC_DESIGNED_FOR_IPHONE_IPAD = NO;
				SWIFT_EMIT_LOC_STRINGS = YES;
				SWIFT_VERSION = 5.0;
				TARGETED_DEVICE_FAMILY = 1;
			};
			name = Debug;
		};
		11BB11FF29F86ABE007AEBA5 /* Release */ = {
			isa = XCBuildConfiguration;
			baseConfigurationReference = C2BFFB9B7B1834D85DB20793 /* Pods-workout.release.xcconfig */;
			buildSettings = {
				ASSETCATALOG_COMPILER_APPICON_NAME = AppIcon;
				ASSETCATALOG_COMPILER_GLOBAL_ACCENT_COLOR_NAME = AccentColor;
				CODE_SIGN_ENTITLEMENTS = workout/workout.entitlements;
				CODE_SIGN_STYLE = Automatic;
				CURRENT_PROJECT_VERSION = 1;
				DEVELOPMENT_TEAM = 8SM9A2F6Y9;
				GENERATE_INFOPLIST_FILE = YES;
				INFOPLIST_FILE = workout/Info.plist;
				INFOPLIST_KEY_CFBundleDisplayName = Workout;
				INFOPLIST_KEY_UIApplicationSupportsIndirectInputEvents = YES;
				INFOPLIST_KEY_UILaunchStoryboardName = LaunchScreen;
				INFOPLIST_KEY_UISupportedInterfaceOrientations_iPad = "UIInterfaceOrientationPortrait UIInterfaceOrientationPortraitUpsideDown UIInterfaceOrientationLandscapeLeft UIInterfaceOrientationLandscapeRight";
				INFOPLIST_KEY_UISupportedInterfaceOrientations_iPhone = "UIInterfaceOrientationPortrait UIInterfaceOrientationLandscapeLeft UIInterfaceOrientationLandscapeRight";
				IPHONEOS_DEPLOYMENT_TARGET = 15.0;
				LD_RUNPATH_SEARCH_PATHS = (
					"$(inherited)",
					"@executable_path/Frameworks",
				);
				MARKETING_VERSION = 1.0;
				PRODUCT_BUNDLE_IDENTIFIER = br.com.guisantos.workout;
				PRODUCT_NAME = "$(TARGET_NAME)";
				SUPPORTED_PLATFORMS = "iphoneos iphonesimulator";
				SUPPORTS_MACCATALYST = NO;
				SUPPORTS_MAC_DESIGNED_FOR_IPHONE_IPAD = NO;
				SWIFT_EMIT_LOC_STRINGS = YES;
				SWIFT_VERSION = 5.0;
				TARGETED_DEVICE_FAMILY = 1;
			};
			name = Release;
		};
/* End XCBuildConfiguration section */

/* Begin XCConfigurationList section */
		11BB11E429F86ABD007AEBA5 /* Build configuration list for PBXProject "workout" */ = {
			isa = XCConfigurationList;
			buildConfigurations = (
				11BB11FB29F86ABE007AEBA5 /* Debug */,
				11BB11FC29F86ABE007AEBA5 /* Release */,
			);
			defaultConfigurationIsVisible = 0;
			defaultConfigurationName = Release;
		};
		11BB11FD29F86ABE007AEBA5 /* Build configuration list for PBXNativeTarget "workout" */ = {
			isa = XCConfigurationList;
			buildConfigurations = (
				11BB11FE29F86ABE007AEBA5 /* Debug */,
				11BB11FF29F86ABE007AEBA5 /* Release */,
			);
			defaultConfigurationIsVisible = 0;
			defaultConfigurationName = Release;
		};
/* End XCConfigurationList section */

/* Begin XCVersionGroup section */
		11F15B4829F9EE92006A39D3 /* Database.xcdatamodeld */ = {
			isa = XCVersionGroup;
			children = (
				11F15B4929F9EE92006A39D3 /* Database.xcdatamodel */,
			);
			currentVersion = 11F15B4929F9EE92006A39D3 /* Database.xcdatamodel */;
			path = Database.xcdatamodeld;
			sourceTree = "<group>";
			versionGroupType = wrapper.xcdatamodel;
		};
/* End XCVersionGroup section */
	};
	rootObject = 11BB11E129F86ABD007AEBA5 /* Project object */;
}
